
Microsoft Visual Studio Solution File, Format Version 12.00
# Visual Studio Version 17
VisualStudioVersion = 17.1.32228.430
MinimumVisualStudioVersion = 10.0.40219.1
Project("{FAE04EC0-301F-11D3-BF4B-00C04F79EFBC}") = "DEMO.Minimal.Api", "DEMO.Minimal.Api.csproj", "{C3A2D057-CCF5-4B38-B2EC-F9371C511E07}"
EndProject
Global
	GlobalSection(SolutionConfigurationPlatforms) = preSolution
		Debug|Any CPU = Debug|Any CPU
		Release|Any CPU = Release|Any CPU
	EndGlobalSection
	GlobalSection(ProjectConfigurationPlatforms) = postSolution
		{C3A2D057-CCF5-4B38-B2EC-F9371C511E07}.Debug|Any CPU.ActiveCfg = Debug|Any CPU
		{C3A2D057-CCF5-4B38-B2EC-F9371C511E07}.Debug|Any CPU.Build.0 = Debug|Any CPU
		{C3A2D057-CCF5-4B38-B2EC-F9371C511E07}.Release|Any CPU.ActiveCfg = Release|Any CPU
		{C3A2D057-CCF5-4B38-B2EC-F9371C511E07}.Release|Any CPU.Build.0 = Release|Any CPU
	EndGlobalSection
	GlobalSection(SolutionProperties) = preSolution
		HideSolutionNode = FALSE
	EndGlobalSection
	GlobalSection(ExtensibilityGlobals) = postSolution
		SolutionGuid = {9E5A95F2-CFF6-406E-A297-3474AFC1CD00}
	EndGlobalSection
EndGlobal
